// !$*UTF8*$!
{
	archiveVersion = 1;
	classes = {
	};
	objectVersion = 46;
	objects = {

/* Begin PBXBuildFile section */
		2C6C5D121B08DFA000FF77BC /* Foundation.framework in Frameworks */ = {isa = PBXBuildFile; fileRef = 2C6C5D111B08DFA000FF77BC /* Foundation.framework */; };
		2C6C5D141B08DFA000FF77BC /* CoreGraphics.framework in Frameworks */ = {isa = PBXBuildFile; fileRef = 2C6C5D131B08DFA000FF77BC /* CoreGraphics.framework */; };
		2C6C5D161B08DFA000FF77BC /* UIKit.framework in Frameworks */ = {isa = PBXBuildFile; fileRef = 2C6C5D151B08DFA000FF77BC /* UIKit.framework */; };
		2C6C5D1C1B08DFA000FF77BC /* InfoPlist.strings in Resources */ = {isa = PBXBuildFile; fileRef = 2C6C5D1A1B08DFA000FF77BC /* InfoPlist.strings */; };
		2C6C5D1E1B08DFA000FF77BC /* main.m in Sources */ = {isa = PBXBuildFile; fileRef = 2C6C5D1D1B08DFA000FF77BC /* main.m */; };
		2C6C5D221B08DFA000FF77BC /* LEWAppDelegate.m in Sources */ = {isa = PBXBuildFile; fileRef = 2C6C5D211B08DFA000FF77BC /* LEWAppDelegate.m */; };
		2C6C5D241B08DFA000FF77BC /* Images.xcassets in Resources */ = {isa = PBXBuildFile; fileRef = 2C6C5D231B08DFA000FF77BC /* Images.xcassets */; };
		2C6C5D2B1B08DFA000FF77BC /* XCTest.framework in Frameworks */ = {isa = PBXBuildFile; fileRef = 2C6C5D2A1B08DFA000FF77BC /* XCTest.framework */; };
		2C6C5D2C1B08DFA000FF77BC /* Foundation.framework in Frameworks */ = {isa = PBXBuildFile; fileRef = 2C6C5D111B08DFA000FF77BC /* Foundation.framework */; };
		2C6C5D2D1B08DFA000FF77BC /* UIKit.framework in Frameworks */ = {isa = PBXBuildFile; fileRef = 2C6C5D151B08DFA000FF77BC /* UIKit.framework */; };
		2C6C5D351B08DFA000FF77BC /* InfoPlist.strings in Resources */ = {isa = PBXBuildFile; fileRef = 2C6C5D331B08DFA000FF77BC /* InfoPlist.strings */; };
		2C6C5D371B08DFA000FF77BC /* MyToDoList___Interface_Builder_Tests.m in Sources */ = {isa = PBXBuildFile; fileRef = 2C6C5D361B08DFA000FF77BC /* MyToDoList___Interface_Builder_Tests.m */; };
		2C6C5D431B08DFCC00FF77BC /* LEWMyToDoListViewController.m in Sources */ = {isa = PBXBuildFile; fileRef = 2C6C5D411B08DFCC00FF77BC /* LEWMyToDoListViewController.m */; };
		2C6C5D441B08DFCC00FF77BC /* LEWMyToDoListViewController.xib in Resources */ = {isa = PBXBuildFile; fileRef = 2C6C5D421B08DFCC00FF77BC /* LEWMyToDoListViewController.xib */; };
/* End PBXBuildFile section */

/* Begin PBXContainerItemProxy section */
		2C6C5D2E1B08DFA000FF77BC /* PBXContainerItemProxy */ = {
			isa = PBXContainerItemProxy;
			containerPortal = 2C6C5D061B08DFA000FF77BC /* Project object */;
			proxyType = 1;
			remoteGlobalIDString = 2C6C5D0D1B08DFA000FF77BC;
			remoteInfo = "MyToDoList(使用Interface Builder)";
		};
/* End PBXContainerItemProxy section */

/* Begin PBXFileReference section */
		2C6C5D0E1B08DFA000FF77BC /* MyToDoList(使用Interface Builder).app */ = {isa = PBXFileReference; explicitFileType = wrapper.application; includeInIndex = 0; path = "MyToDoList(使用Interface Builder).app"; sourceTree = BUILT_PRODUCTS_DIR; };
		2C6C5D111B08DFA000FF77BC /* Foundation.framework */ = {isa = PBXFileReference; lastKnownFileType = wrapper.framework; name = Foundation.framework; path = System/Library/Frameworks/Foundation.framework; sourceTree = SDKROOT; };
		2C6C5D131B08DFA000FF77BC /* CoreGraphics.framework */ = {isa = PBXFileReference; lastKnownFileType = wrapper.framework; name = CoreGraphics.framework; path = System/Library/Frameworks/CoreGraphics.framework; sourceTree = SDKROOT; };
		2C6C5D151B08DFA000FF77BC /* UIKit.framework */ = {isa = PBXFileReference; lastKnownFileType = wrapper.framework; name = UIKit.framework; path = System/Library/Frameworks/UIKit.framework; sourceTree = SDKROOT; };
		2C6C5D191B08DFA000FF77BC /* MyToDoList(使用Interface Builder)-Info.plist */ = {isa = PBXFileReference; lastKnownFileType = text.plist.xml; path = "MyToDoList(使用Interface Builder)-Info.plist"; sourceTree = "<group>"; };
		2C6C5D1B1B08DFA000FF77BC /* en */ = {isa = PBXFileReference; lastKnownFileType = text.plist.strings; name = en; path = en.lproj/InfoPlist.strings; sourceTree = "<group>"; };
		2C6C5D1D1B08DFA000FF77BC /* main.m */ = {isa = PBXFileReference; lastKnownFileType = sourcecode.c.objc; path = main.m; sourceTree = "<group>"; };
		2C6C5D1F1B08DFA000FF77BC /* MyToDoList(使用Interface Builder)-Prefix.pch */ = {isa = PBXFileReference; lastKnownFileType = sourcecode.c.h; path = "MyToDoList(使用Interface Builder)-Prefix.pch"; sourceTree = "<group>"; };
		2C6C5D201B08DFA000FF77BC /* LEWAppDelegate.h */ = {isa = PBXFileReference; lastKnownFileType = sourcecode.c.h; path = LEWAppDelegate.h; sourceTree = "<group>"; };
		2C6C5D211B08DFA000FF77BC /* LEWAppDelegate.m */ = {isa = PBXFileReference; lastKnownFileType = sourcecode.c.objc; path = LEWAppDelegate.m; sourceTree = "<group>"; };
		2C6C5D231B08DFA000FF77BC /* Images.xcassets */ = {isa = PBXFileReference; lastKnownFileType = folder.assetcatalog; path = Images.xcassets; sourceTree = "<group>"; };
		2C6C5D291B08DFA000FF77BC /* MyToDoList(使用Interface Builder)Tests.xctest */ = {isa = PBXFileReference; explicitFileType = wrapper.cfbundle; includeInIndex = 0; path = "MyToDoList(使用Interface Builder)Tests.xctest"; sourceTree = BUILT_PRODUCTS_DIR; };
		2C6C5D2A1B08DFA000FF77BC /* XCTest.framework */ = {isa = PBXFileReference; lastKnownFileType = wrapper.framework; name = XCTest.framework; path = Library/Frameworks/XCTest.framework; sourceTree = DEVELOPER_DIR; };
		2C6C5D321B08DFA000FF77BC /* MyToDoList(使用Interface Builder)Tests-Info.plist */ = {isa = PBXFileReference; lastKnownFileType = text.plist.xml; path = "MyToDoList(使用Interface Builder)Tests-Info.plist"; sourceTree = "<group>"; };
		2C6C5D341B08DFA000FF77BC /* en */ = {isa = PBXFileReference; lastKnownFileType = text.plist.strings; name = en; path = en.lproj/InfoPlist.strings; sourceTree = "<group>"; };
		2C6C5D361B08DFA000FF77BC /* MyToDoList___Interface_Builder_Tests.m */ = {isa = PBXFileReference; lastKnownFileType = sourcecode.c.objc; path = "MyToDoList___Interface_Builder_Tests.m"; sourceTree = "<group>"; };
		2C6C5D401B08DFCC00FF77BC /* LEWMyToDoListViewController.h */ = {isa = PBXFileReference; fileEncoding = 4; lastKnownFileType = sourcecode.c.h; path = LEWMyToDoListViewController.h; sourceTree = "<group>"; };
		2C6C5D411B08DFCC00FF77BC /* LEWMyToDoListViewController.m */ = {isa = PBXFileReference; fileEncoding = 4; lastKnownFileType = sourcecode.c.objc; path = LEWMyToDoListViewController.m; sourceTree = "<group>"; };
		2C6C5D421B08DFCC00FF77BC /* LEWMyToDoListViewController.xib */ = {isa = PBXFileReference; fileEncoding = 4; lastKnownFileType = file.xib; path = LEWMyToDoListViewController.xib; sourceTree = "<group>"; };
/* End PBXFileReference section */

/* Begin PBXFrameworksBuildPhase section */
		2C6C5D0B1B08DFA000FF77BC /* Frameworks */ = {
			isa = PBXFrameworksBuildPhase;
			buildActionMask = 2147483647;
			files = (
				2C6C5D141B08DFA000FF77BC /* CoreGraphics.framework in Frameworks */,
				2C6C5D161B08DFA000FF77BC /* UIKit.framework in Frameworks */,
				2C6C5D121B08DFA000FF77BC /* Foundation.framework in Frameworks */,
			);
			runOnlyForDeploymentPostprocessing = 0;
		};
		2C6C5D261B08DFA000FF77BC /* Frameworks */ = {
			isa = PBXFrameworksBuildPhase;
			buildActionMask = 2147483647;
			files = (
				2C6C5D2B1B08DFA000FF77BC /* XCTest.framework in Frameworks */,
				2C6C5D2D1B08DFA000FF77BC /* UIKit.framework in Frameworks */,
				2C6C5D2C1B08DFA000FF77BC /* Foundation.framework in Frameworks */,
			);
			runOnlyForDeploymentPostprocessing = 0;
		};
/* End PBXFrameworksBuildPhase section */

/* Begin PBXGroup section */
		2C6C5D051B08DFA000FF77BC = {
			isa = PBXGroup;
			children = (
				2C6C5D401B08DFCC00FF77BC /* LEWMyToDoListViewController.h */,
				2C6C5D411B08DFCC00FF77BC /* LEWMyToDoListViewController.m */,
				2C6C5D421B08DFCC00FF77BC /* LEWMyToDoListViewController.xib */,
				2C6C5D171B08DFA000FF77BC /* MyToDoList(使用Interface Builder) */,
				2C6C5D301B08DFA000FF77BC /* MyToDoList(使用Interface Builder)Tests */,
				2C6C5D101B08DFA000FF77BC /* Frameworks */,
				2C6C5D0F1B08DFA000FF77BC /* Products */,
			);
			sourceTree = "<group>";
		};
		2C6C5D0F1B08DFA000FF77BC /* Products */ = {
			isa = PBXGroup;
			children = (
				2C6C5D0E1B08DFA000FF77BC /* MyToDoList(使用Interface Builder).app */,
				2C6C5D291B08DFA000FF77BC /* MyToDoList(使用Interface Builder)Tests.xctest */,
			);
			name = Products;
			sourceTree = "<group>";
		};
		2C6C5D101B08DFA000FF77BC /* Frameworks */ = {
			isa = PBXGroup;
			children = (
				2C6C5D111B08DFA000FF77BC /* Foundation.framework */,
				2C6C5D131B08DFA000FF77BC /* CoreGraphics.framework */,
				2C6C5D151B08DFA000FF77BC /* UIKit.framework */,
				2C6C5D2A1B08DFA000FF77BC /* XCTest.framework */,
			);
			name = Frameworks;
			sourceTree = "<group>";
		};
		2C6C5D171B08DFA000FF77BC /* MyToDoList(使用Interface Builder) */ = {
			isa = PBXGroup;
			children = (
				2C6C5D201B08DFA000FF77BC /* LEWAppDelegate.h */,
				2C6C5D211B08DFA000FF77BC /* LEWAppDelegate.m */,
				2C6C5D231B08DFA000FF77BC /* Images.xcassets */,
				2C6C5D181B08DFA000FF77BC /* Supporting Files */,
			);
			path = "MyToDoList(使用Interface Builder)";
			sourceTree = "<group>";
		};
		2C6C5D181B08DFA000FF77BC /* Supporting Files */ = {
			isa = PBXGroup;
			children = (
				2C6C5D191B08DFA000FF77BC /* MyToDoList(使用Interface Builder)-Info.plist */,
				2C6C5D1A1B08DFA000FF77BC /* InfoPlist.strings */,
				2C6C5D1D1B08DFA000FF77BC /* main.m */,
				2C6C5D1F1B08DFA000FF77BC /* MyToDoList(使用Interface Builder)-Prefix.pch */,
			);
			name = "Supporting Files";
			sourceTree = "<group>";
		};
		2C6C5D301B08DFA000FF77BC /* MyToDoList(使用Interface Builder)Tests */ = {
			isa = PBXGroup;
			children = (
				2C6C5D361B08DFA000FF77BC /* MyToDoList___Interface_Builder_Tests.m */,
				2C6C5D311B08DFA000FF77BC /* Supporting Files */,
			);
			path = "MyToDoList(使用Interface Builder)Tests";
			sourceTree = "<group>";
		};
		2C6C5D311B08DFA000FF77BC /* Supporting Files */ = {
			isa = PBXGroup;
			children = (
				2C6C5D321B08DFA000FF77BC /* MyToDoList(使用Interface Builder)Tests-Info.plist */,
				2C6C5D331B08DFA000FF77BC /* InfoPlist.strings */,
			);
			name = "Supporting Files";
			sourceTree = "<group>";
		};
/* End PBXGroup section */

/* Begin PBXNativeTarget section */
		2C6C5D0D1B08DFA000FF77BC /* MyToDoList(使用Interface Builder) */ = {
			isa = PBXNativeTarget;
			buildConfigurationList = 2C6C5D3A1B08DFA000FF77BC /* Build configuration list for PBXNativeTarget "MyToDoList(使用Interface Builder)" */;
			buildPhases = (
				2C6C5D0A1B08DFA000FF77BC /* Sources */,
				2C6C5D0B1B08DFA000FF77BC /* Frameworks */,
				2C6C5D0C1B08DFA000FF77BC /* Resources */,
			);
			buildRules = (
			);
			dependencies = (
			);
			name = "MyToDoList(使用Interface Builder)";
			productName = "MyToDoList(使用Interface Builder)";
			productReference = 2C6C5D0E1B08DFA000FF77BC /* MyToDoList(使用Interface Builder).app */;
			productType = "com.apple.product-type.application";
		};
		2C6C5D281B08DFA000FF77BC /* MyToDoList(使用Interface Builder)Tests */ = {
			isa = PBXNativeTarget;
			buildConfigurationList = 2C6C5D3D1B08DFA000FF77BC /* Build configuration list for PBXNativeTarget "MyToDoList(使用Interface Builder)Tests" */;
			buildPhases = (
				2C6C5D251B08DFA000FF77BC /* Sources */,
				2C6C5D261B08DFA000FF77BC /* Frameworks */,
				2C6C5D271B08DFA000FF77BC /* Resources */,
			);
			buildRules = (
			);
			dependencies = (
				2C6C5D2F1B08DFA000FF77BC /* PBXTargetDependency */,
			);
			name = "MyToDoList(使用Interface Builder)Tests";
			productName = "MyToDoList(使用Interface Builder)Tests";
			productReference = 2C6C5D291B08DFA000FF77BC /* MyToDoList(使用Interface Builder)Tests.xctest */;
			productType = "com.apple.product-type.bundle.unit-test";
		};
/* End PBXNativeTarget section */

/* Begin PBXProject section */
		2C6C5D061B08DFA000FF77BC /* Project object */ = {
			isa = PBXProject;
			attributes = {
				CLASSPREFIX = LEW;
				LastUpgradeCheck = 0510;
				ORGANIZATIONNAME = LEW;
				TargetAttributes = {
					2C6C5D281B08DFA000FF77BC = {
						TestTargetID = 2C6C5D0D1B08DFA000FF77BC;
					};
				};
			};
			buildConfigurationList = 2C6C5D091B08DFA000FF77BC /* Build configuration list for PBXProject "MyToDoList(使用Interface Builder)" */;
			compatibilityVersion = "Xcode 3.2";
			developmentRegion = English;
			hasScannedForEncodings = 0;
			knownRegions = (
				en,
			);
			mainGroup = 2C6C5D051B08DFA000FF77BC;
			productRefGroup = 2C6C5D0F1B08DFA000FF77BC /* Products */;
			projectDirPath = "";
			projectRoot = "";
			targets = (
				2C6C5D0D1B08DFA000FF77BC /* MyToDoList(使用Interface Builder) */,
				2C6C5D281B08DFA000FF77BC /* MyToDoList(使用Interface Builder)Tests */,
			);
		};
/* End PBXProject section */

/* Begin PBXResourcesBuildPhase section */
		2C6C5D0C1B08DFA000FF77BC /* Resources */ = {
			isa = PBXResourcesBuildPhase;
			buildActionMask = 2147483647;
			files = (
				2C6C5D441B08DFCC00FF77BC /* LEWMyToDoListViewController.xib in Resources */,
				2C6C5D1C1B08DFA000FF77BC /* InfoPlist.strings in Resources */,
				2C6C5D241B08DFA000FF77BC /* Images.xcassets in Resources */,
			);
			runOnlyForDeploymentPostprocessing = 0;
		};
		2C6C5D271B08DFA000FF77BC /* Resources */ = {
			isa = PBXResourcesBuildPhase;
			buildActionMask = 2147483647;
			files = (
				2C6C5D351B08DFA000FF77BC /* InfoPlist.strings in Resources */,
			);
			runOnlyForDeploymentPostprocessing = 0;
		};
/* End PBXResourcesBuildPhase section */

/* Begin PBXSourcesBuildPhase section */
		2C6C5D0A1B08DFA000FF77BC /* Sources */ = {
			isa = PBXSourcesBuildPhase;
			buildActionMask = 2147483647;
			files = (
				2C6C5D1E1B08DFA000FF77BC /* main.m in Sources */,
				2C6C5D221B08DFA000FF77BC /* LEWAppDelegate.m in Sources */,
				2C6C5D431B08DFCC00FF77BC /* LEWMyToDoListViewController.m in Sources */,
			);
			runOnlyForDeploymentPostprocessing = 0;
		};
		2C6C5D251B08DFA000FF77BC /* Sources */ = {
			isa = PBXSourcesBuildPhase;
			buildActionMask = 2147483647;
			files = (
				2C6C5D371B08DFA000FF77BC /* MyToDoList___Interface_Builder_Tests.m in Sources */,
			);
			runOnlyForDeploymentPostprocessing = 0;
		};
/* End PBXSourcesBuildPhase section */

/* Begin PBXTargetDependency section */
		2C6C5D2F1B08DFA000FF77BC /* PBXTargetDependency */ = {
			isa = PBXTargetDependency;
			target = 2C6C5D0D1B08DFA000FF77BC /* MyToDoList(使用Interface Builder) */;
			targetProxy = 2C6C5D2E1B08DFA000FF77BC /* PBXContainerItemProxy */;
		};
/* End PBXTargetDependency section */

/* Begin PBXVariantGroup section */
		2C6C5D1A1B08DFA000FF77BC /* InfoPlist.strings */ = {
			isa = PBXVariantGroup;
			children = (
				2C6C5D1B1B08DFA000FF77BC /* en */,
			);
			name = InfoPlist.strings;
			sourceTree = "<group>";
		};
		2C6C5D331B08DFA000FF77BC /* InfoPlist.strings */ = {
			isa = PBXVariantGroup;
			children = (
				2C6C5D341B08DFA000FF77BC /* en */,
			);
			name = InfoPlist.strings;
			sourceTree = "<group>";
		};
/* End PBXVariantGroup section */

/* Begin XCBuildConfiguration section */
		2C6C5D381B08DFA000FF77BC /* Debug */ = {
			isa = XCBuildConfiguration;
			buildSettings = {
				ALWAYS_SEARCH_USER_PATHS = NO;
				CLANG_CXX_LANGUAGE_STANDARD = "gnu++0x";
				CLANG_CXX_LIBRARY = "libc++";
				CLANG_ENABLE_MODULES = YES;
				CLANG_ENABLE_OBJC_ARC = YES;
				CLANG_WARN_BOOL_CONVERSION = YES;
				CLANG_WARN_CONSTANT_CONVERSION = YES;
				CLANG_WARN_DIRECT_OBJC_ISA_USAGE = YES_ERROR;
				CLANG_WARN_EMPTY_BODY = YES;
				CLANG_WARN_ENUM_CONVERSION = YES;
				CLANG_WARN_INT_CONVERSION = YES;
				CLANG_WARN_OBJC_ROOT_CLASS = YES_ERROR;
				CLANG_WARN__DUPLICATE_METHOD_MATCH = YES;
				"CODE_SIGN_IDENTITY[sdk=iphoneos*]" = "iPhone Developer";
				COPY_PHASE_STRIP = NO;
				GCC_C_LANGUAGE_STANDARD = gnu99;
				GCC_DYNAMIC_NO_PIC = NO;
				GCC_OPTIMIZATION_LEVEL = 0;
				GCC_PREPROCESSOR_DEFINITIONS = (
					"DEBUG=1",
					"$(inherited)",
				);
				GCC_SYMBOLS_PRIVATE_EXTERN = NO;
				GCC_WARN_64_TO_32_BIT_CONVERSION = YES;
				GCC_WARN_ABOUT_RETURN_TYPE = YES_ERROR;
				GCC_WARN_UNDECLARED_SELECTOR = YES;
				GCC_WARN_UNINITIALIZED_AUTOS = YES_AGGRESSIVE;
				GCC_WARN_UNUSED_FUNCTION = YES;
				GCC_WARN_UNUSED_VARIABLE = YES;
				IPHONEOS_DEPLOYMENT_TARGET = 7.1;
				ONLY_ACTIVE_ARCH = YES;
				SDKROOT = iphoneos;
			};
			name = Debug;
		};
		2C6C5D391B08DFA000FF77BC /* Release */ = {
			isa = XCBuildConfiguration;
			buildSettings = {
				ALWAYS_SEARCH_USER_PATHS = NO;
				CLANG_CXX_LANGUAGE_STANDARD = "gnu++0x";
				CLANG_CXX_LIBRARY = "libc++";
				CLANG_ENABLE_MODULES = YES;
				CLANG_ENABLE_OBJC_ARC = YES;
				CLANG_WARN_BOOL_CONVERSION = YES;
				CLANG_WARN_CONSTANT_CONVERSION = YES;
				CLANG_WARN_DIRECT_OBJC_ISA_USAGE = YES_ERROR;
				CLANG_WARN_EMPTY_BODY = YES;
				CLANG_WARN_ENUM_CONVERSION = YES;
				CLANG_WARN_INT_CONVERSION = YES;
				CLANG_WARN_OBJC_ROOT_CLASS = YES_ERROR;
				CLANG_WARN__DUPLICATE_METHOD_MATCH = YES;
				"CODE_SIGN_IDENTITY[sdk=iphoneos*]" = "iPhone Developer";
				COPY_PHASE_STRIP = YES;
				ENABLE_NS_ASSERTIONS = NO;
				GCC_C_LANGUAGE_STANDARD = gnu99;
				GCC_WARN_64_TO_32_BIT_CONVERSION = YES;
				GCC_WARN_ABOUT_RETURN_TYPE = YES_ERROR;
				GCC_WARN_UNDECLARED_SELECTOR = YES;
				GCC_WARN_UNINITIALIZED_AUTOS = YES_AGGRESSIVE;
				GCC_WARN_UNUSED_FUNCTION = YES;
				GCC_WARN_UNUSED_VARIABLE = YES;
				IPHONEOS_DEPLOYMENT_TARGET = 7.1;
				SDKROOT = iphoneos;
				VALIDATE_PRODUCT = YES;
			};
			name = Release;
		};
		2C6C5D3B1B08DFA000FF77BC /* Debug */ = {
			isa = XCBuildConfiguration;
			buildSettings = {
				ASSETCATALOG_COMPILER_APPICON_NAME = AppIcon;
				ASSETCATALOG_COMPILER_LAUNCHIMAGE_NAME = LaunchImage;
				GCC_PRECOMPILE_PREFIX_HEADER = YES;
				GCC_PREFIX_HEADER = "MyToDoList(使用Interface Builder)/MyToDoList(使用Interface Builder)-Prefix.pch";
				INFOPLIST_FILE = "MyToDoList(使用Interface Builder)/MyToDoList(使用Interface Builder)-Info.plist";
				PRODUCT_NAME = "$(TARGET_NAME)";
				WRAPPER_EXTENSION = app;
			};
			name = Debug;
		};
		2C6C5D3C1B08DFA000FF77BC /* Release */ = {
			isa = XCBuildConfiguration;
			buildSettings = {
				ASSETCATALOG_COMPILER_APPICON_NAME = AppIcon;
				ASSETCATALOG_COMPILER_LAUNCHIMAGE_NAME = LaunchImage;
				GCC_PRECOMPILE_PREFIX_HEADER = YES;
				GCC_PREFIX_HEADER = "MyToDoList(使用Interface Builder)/MyToDoList(使用Interface Builder)-Prefix.pch";
				INFOPLIST_FILE = "MyToDoList(使用Interface Builder)/MyToDoList(使用Interface Builder)-Info.plist";
				PRODUCT_NAME = "$(TARGET_NAME)";
				WRAPPER_EXTENSION = app;
			};
			name = Release;
		};
		2C6C5D3E1B08DFA000FF77BC /* Debug */ = {
			isa = XCBuildConfiguration;
			buildSettings = {
				BUNDLE_LOADER = "$(BUILT_PRODUCTS_DIR)/MyToDoList(使用Interface Builder).app/MyToDoList(使用Interface Builder)";
				FRAMEWORK_SEARCH_PATHS = (
					"$(SDKROOT)/Developer/Library/Frameworks",
					"$(inherited)",
					"$(DEVELOPER_FRAMEWORKS_DIR)",
				);
				GCC_PRECOMPILE_PREFIX_HEADER = YES;
				GCC_PREFIX_HEADER = "MyToDoList(使用Interface Builder)/MyToDoList(使用Interface Builder)-Prefix.pch";
				GCC_PREPROCESSOR_DEFINITIONS = (
					"DEBUG=1",
					"$(inherited)",
				);
				INFOPLIST_FILE = "MyToDoList(使用Interface Builder)Tests/MyToDoList(使用Interface Builder)Tests-Info.plist";
				PRODUCT_NAME = "$(TARGET_NAME)";
				TEST_HOST = "$(BUNDLE_LOADER)";
				WRAPPER_EXTENSION = xctest;
			};
			name = Debug;
		};
		2C6C5D3F1B08DFA000FF77BC /* Release */ = {
			isa = XCBuildConfiguration;
			buildSettings = {
				BUNDLE_LOADER = "$(BUILT_PRODUCTS_DIR)/MyToDoList(使用Interface Builder).app/MyToDoList(使用Interface Builder)";
				FRAMEWORK_SEARCH_PATHS = (
					"$(SDKROOT)/Developer/Library/Frameworks",
					"$(inherited)",
					"$(DEVELOPER_FRAMEWORKS_DIR)",
				);
				GCC_PRECOMPILE_PREFIX_HEADER = YES;
				GCC_PREFIX_HEADER = "MyToDoList(使用Interface Builder)/MyToDoList(使用Interface Builder)-Prefix.pch";
				INFOPLIST_FILE = "MyToDoList(使用Interface Builder)Tests/MyToDoList(使用Interface Builder)Tests-Info.plist";
				PRODUCT_NAME = "$(TARGET_NAME)";
				TEST_HOST = "$(BUNDLE_LOADER)";
				WRAPPER_EXTENSION = xctest;
			};
			name = Release;
		};
/* End XCBuildConfiguration section */

/* Begin XCConfigurationList section */
		2C6C5D091B08DFA000FF77BC /* Build configuration list for PBXProject "MyToDoList(使用Interface Builder)" */ = {
			isa = XCConfigurationList;
			buildConfigurations = (
				2C6C5D381B08DFA000FF77BC /* Debug */,
				2C6C5D391B08DFA000FF77BC /* Release */,
			);
			defaultConfigurationIsVisible = 0;
			defaultConfigurationName = Release;
		};
		2C6C5D3A1B08DFA000FF77BC /* Build configuration list for PBXNativeTarget "MyToDoList(使用Interface Builder)" */ = {
			isa = XCConfigurationList;
			buildConfigurations = (
				2C6C5D3B1B08DFA000FF77BC /* Debug */,
				2C6C5D3C1B08DFA000FF77BC /* Release */,
			);
			defaultConfigurationIsVisible = 0;
		};
		2C6C5D3D1B08DFA000FF77BC /* Build configuration list for PBXNativeTarget "MyToDoList(使用Interface Builder)Tests" */ = {
			isa = XCConfigurationList;
			buildConfigurations = (
				2C6C5D3E1B08DFA000FF77BC /* Debug */,
				2C6C5D3F1B08DFA000FF77BC /* Release */,
			);
			defaultConfigurationIsVisible = 0;
		};
/* End XCConfigurationList section */
	};
	rootObject = 2C6C5D061B08DFA000FF77BC /* Project object */;
}
